
Microsoft Visual Studio Solution File, Format Version 12.00
# Visual Studio 15
VisualStudioVersion = 15.0.28307.572
MinimumVisualStudioVersion = 10.0.40219.1
Project("{8BC9CEB8-8B4A-11D0-8D11-00A0C91BC942}") = "IBEngine", "..\IBEngine\IBEngine.vcxproj", "{ECCDB929-1C4D-4436-90B1-32202C679E77}"
EndProject
Project("{8BC9CEB8-8B4A-11D0-8D11-00A0C91BC942}") = "SampleWin32", "..\Samples\SampleWin32\SampleWin32.vcxproj", "{24EC78DC-20B9-4A1B-BA91-E0F915E819C4}"
	ProjectSection(ProjectDependencies) = postProject
		{ECCDB929-1C4D-4436-90B1-32202C679E77} = {ECCDB929-1C4D-4436-90B1-32202C679E77}
	EndProjectSection
EndProject
Project("{FAE04EC0-301F-11D3-BF4B-00C04F79EFBC}") = "SampleWPF", "..\Samples\SampleWPF\SampleWPF.csproj", "{B8FAD776-25E7-41A7-A42D-710008FB39CC}"
	ProjectSection(ProjectDependencies) = postProject
		{ECCDB929-1C4D-4436-90B1-32202C679E77} = {ECCDB929-1C4D-4436-90B1-32202C679E77}
	EndProjectSection
EndProject
Project("{2150E333-8FDC-42A3-9474-1A3956D46DE8}") = "Samples", "Samples", "{440A356B-502C-4F37-848E-0CD8A431CF7F}"
EndProject
Project("{8BC9CEB8-8B4A-11D0-8D11-00A0C91BC942}") = "SampleMemory", "..\Samples\SampleMemory\SampleMemory.vcxproj", "{F2E26C26-51F0-4981-8D2E-A5BA4E92DFEF}"
	ProjectSection(ProjectDependencies) = postProject
		{ECCDB929-1C4D-4436-90B1-32202C679E77} = {ECCDB929-1C4D-4436-90B1-32202C679E77}
	EndProjectSection
EndProject
Project("{8BC9CEB8-8B4A-11D0-8D11-00A0C91BC942}") = "SampleThreading", "..\Samples\SampleThreading\SampleThreading.vcxproj", "{FDC5BC49-DC77-4F16-B41F-392DBB8A566F}"
	ProjectSection(ProjectDependencies) = postProject
		{ECCDB929-1C4D-4436-90B1-32202C679E77} = {ECCDB929-1C4D-4436-90B1-32202C679E77}
	EndProjectSection
EndProject
Project("{8BC9CEB8-8B4A-11D0-8D11-00A0C91BC942}") = "SampleGraphics", "..\Samples\SampleGraphics\SampleGraphics.vcxproj", "{9763325F-8010-4389-92D5-C33710D5C067}"
	ProjectSection(ProjectDependencies) = postProject
		{ECCDB929-1C4D-4436-90B1-32202C679E77} = {ECCDB929-1C4D-4436-90B1-32202C679E77}
	EndProjectSection
EndProject
Global
	GlobalSection(SolutionConfigurationPlatforms) = preSolution
		Debug|Any CPU = Debug|Any CPU
		Debug|x64 = Debug|x64
		Debug|x86 = Debug|x86
		Release|Any CPU = Release|Any CPU
		Release|x64 = Release|x64
		Release|x86 = Release|x86
	EndGlobalSection
	GlobalSection(ProjectConfigurationPlatforms) = postSolution
		{ECCDB929-1C4D-4436-90B1-32202C679E77}.Debug|Any CPU.ActiveCfg = Debug|x64
		{ECCDB929-1C4D-4436-90B1-32202C679E77}.Debug|x64.ActiveCfg = Debug|x64
		{ECCDB929-1C4D-4436-90B1-32202C679E77}.Debug|x64.Build.0 = Debug|x64
		{ECCDB929-1C4D-4436-90B1-32202C679E77}.Debug|x86.ActiveCfg = Debug|x64
		{ECCDB929-1C4D-4436-90B1-32202C679E77}.Release|Any CPU.ActiveCfg = Release|x64
		{ECCDB929-1C4D-4436-90B1-32202C679E77}.Release|x64.ActiveCfg = Release|x64
		{ECCDB929-1C4D-4436-90B1-32202C679E77}.Release|x64.Build.0 = Release|x64
		{ECCDB929-1C4D-4436-90B1-32202C679E77}.Release|x86.ActiveCfg = Release|x64
		{24EC78DC-20B9-4A1B-BA91-E0F915E819C4}.Debug|Any CPU.ActiveCfg = Debug|Win32
		{24EC78DC-20B9-4A1B-BA91-E0F915E819C4}.Debug|x64.ActiveCfg = Debug|x64
		{24EC78DC-20B9-4A1B-BA91-E0F915E819C4}.Debug|x64.Build.0 = Debug|x64
		{24EC78DC-20B9-4A1B-BA91-E0F915E819C4}.Debug|x86.ActiveCfg = Debug|Win32
		{24EC78DC-20B9-4A1B-BA91-E0F915E819C4}.Debug|x86.Build.0 = Debug|Win32
		{24EC78DC-20B9-4A1B-BA91-E0F915E819C4}.Release|Any CPU.ActiveCfg = Release|Win32
		{24EC78DC-20B9-4A1B-BA91-E0F915E819C4}.Release|x64.ActiveCfg = Release|x64
		{24EC78DC-20B9-4A1B-BA91-E0F915E819C4}.Release|x64.Build.0 = Release|x64
		{24EC78DC-20B9-4A1B-BA91-E0F915E819C4}.Release|x86.ActiveCfg = Release|Win32
		{24EC78DC-20B9-4A1B-BA91-E0F915E819C4}.Release|x86.Build.0 = Release|Win32
		{B8FAD776-25E7-41A7-A42D-710008FB39CC}.Debug|Any CPU.ActiveCfg = Debug|Any CPU
		{B8FAD776-25E7-41A7-A42D-710008FB39CC}.Debug|Any CPU.Build.0 = Debug|Any CPU
		{B8FAD776-25E7-41A7-A42D-710008FB39CC}.Debug|x64.ActiveCfg = Debug|Any CPU
		{B8FAD776-25E7-41A7-A42D-710008FB39CC}.Debug|x64.Build.0 = Debug|Any CPU
		{B8FAD776-25E7-41A7-A42D-710008FB39CC}.Debug|x86.ActiveCfg = Debug|Any CPU
		{B8FAD776-25E7-41A7-A42D-710008FB39CC}.Debug|x86.Build.0 = Debug|Any CPU
		{B8FAD776-25E7-41A7-A42D-710008FB39CC}.Release|Any CPU.ActiveCfg = Release|Any CPU
		{B8FAD776-25E7-41A7-A42D-710008FB39CC}.Release|Any CPU.Build.0 = Release|Any CPU
		{B8FAD776-25E7-41A7-A42D-710008FB39CC}.Release|x64.ActiveCfg = Release|Any CPU
		{B8FAD776-25E7-41A7-A42D-710008FB39CC}.Release|x64.Build.0 = Release|Any CPU
		{B8FAD776-25E7-41A7-A42D-710008FB39CC}.Release|x86.ActiveCfg = Release|Any CPU
		{B8FAD776-25E7-41A7-A42D-710008FB39CC}.Release|x86.Build.0 = Release|Any CPU
		{F2E26C26-51F0-4981-8D2E-A5BA4E92DFEF}.Debug|Any CPU.ActiveCfg = Debug|Win32
		{F2E26C26-51F0-4981-8D2E-A5BA4E92DFEF}.Debug|x64.ActiveCfg = Debug|x64
		{F2E26C26-51F0-4981-8D2E-A5BA4E92DFEF}.Debug|x64.Build.0 = Debug|x64
		{F2E26C26-51F0-4981-8D2E-A5BA4E92DFEF}.Debug|x86.ActiveCfg = Debug|Win32
		{F2E26C26-51F0-4981-8D2E-A5BA4E92DFEF}.Debug|x86.Build.0 = Debug|Win32
		{F2E26C26-51F0-4981-8D2E-A5BA4E92DFEF}.Release|Any CPU.ActiveCfg = Release|Win32
		{F2E26C26-51F0-4981-8D2E-A5BA4E92DFEF}.Release|x64.ActiveCfg = Release|x64
		{F2E26C26-51F0-4981-8D2E-A5BA4E92DFEF}.Release|x64.Build.0 = Release|x64
		{F2E26C26-51F0-4981-8D2E-A5BA4E92DFEF}.Release|x86.ActiveCfg = Release|Win32
		{F2E26C26-51F0-4981-8D2E-A5BA4E92DFEF}.Release|x86.Build.0 = Release|Win32
		{FDC5BC49-DC77-4F16-B41F-392DBB8A566F}.Debug|Any CPU.ActiveCfg = Debug|Win32
		{FDC5BC49-DC77-4F16-B41F-392DBB8A566F}.Debug|x64.ActiveCfg = Debug|x64
		{FDC5BC49-DC77-4F16-B41F-392DBB8A566F}.Debug|x64.Build.0 = Debug|x64
		{FDC5BC49-DC77-4F16-B41F-392DBB8A566F}.Debug|x86.ActiveCfg = Debug|Win32
		{FDC5BC49-DC77-4F16-B41F-392DBB8A566F}.Debug|x86.Build.0 = Debug|Win32
		{FDC5BC49-DC77-4F16-B41F-392DBB8A566F}.Release|Any CPU.ActiveCfg = Release|Win32
		{FDC5BC49-DC77-4F16-B41F-392DBB8A566F}.Release|x64.ActiveCfg = Release|x64
		{FDC5BC49-DC77-4F16-B41F-392DBB8A566F}.Release|x64.Build.0 = Release|x64
		{FDC5BC49-DC77-4F16-B41F-392DBB8A566F}.Release|x86.ActiveCfg = Release|Win32
		{FDC5BC49-DC77-4F16-B41F-392DBB8A566F}.Release|x86.Build.0 = Release|Win32
		{9763325F-8010-4389-92D5-C33710D5C067}.Debug|Any CPU.ActiveCfg = Debug|Win32
		{9763325F-8010-4389-92D5-C33710D5C067}.Debug|x64.ActiveCfg = Debug|x64
		{9763325F-8010-4389-92D5-C33710D5C067}.Debug|x64.Build.0 = Debug|x64
		{9763325F-8010-4389-92D5-C33710D5C067}.Debug|x86.ActiveCfg = Debug|Win32
		{9763325F-8010-4389-92D5-C33710D5C067}.Debug|x86.Build.0 = Debug|Win32
		{9763325F-8010-4389-92D5-C33710D5C067}.Release|Any CPU.ActiveCfg = Release|Win32
		{9763325F-8010-4389-92D5-C33710D5C067}.Release|x64.ActiveCfg = Release|x64
		{9763325F-8010-4389-92D5-C33710D5C067}.Release|x64.Build.0 = Release|x64
		{9763325F-8010-4389-92D5-C33710D5C067}.Release|x86.ActiveCfg = Release|Win32
		{9763325F-8010-4389-92D5-C33710D5C067}.Release|x86.Build.0 = Release|Win32
	EndGlobalSection
	GlobalSection(SolutionProperties) = preSolution
		HideSolutionNode = FALSE
	EndGlobalSection
	GlobalSection(NestedProjects) = preSolution
		{24EC78DC-20B9-4A1B-BA91-E0F915E819C4} = {440A356B-502C-4F37-848E-0CD8A431CF7F}
		{B8FAD776-25E7-41A7-A42D-710008FB39CC} = {440A356B-502C-4F37-848E-0CD8A431CF7F}
		{F2E26C26-51F0-4981-8D2E-A5BA4E92DFEF} = {440A356B-502C-4F37-848E-0CD8A431CF7F}
		{FDC5BC49-DC77-4F16-B41F-392DBB8A566F} = {440A356B-502C-4F37-848E-0CD8A431CF7F}
		{9763325F-8010-4389-92D5-C33710D5C067} = {440A356B-502C-4F37-848E-0CD8A431CF7F}
	EndGlobalSection
	GlobalSection(ExtensibilityGlobals) = postSolution
		SolutionGuid = {536F66C4-6ACB-48CE-A179-D12E8EFE98DE}
	EndGlobalSection
EndGlobal
